
Microsoft Visual Studio Solution File, Format Version 12.00
# Visual Studio Version 16
VisualStudioVersion = 16.0.30114.105
MinimumVisualStudioVersion = 10.0.40219.1
Project("{FAE04EC0-301F-11D3-BF4B-00C04F79EFBC}") = "FluentHttpClient", "FluentHttpClient\FluentHttpClient.csproj", "{C3BBEBEC-9595-483C-B122-9E2229B8D900}"
EndProject
Project("{FAE04EC0-301F-11D3-BF4B-00C04F79EFBC}") = "Samples", "Samples\Samples.csproj", "{9EF02AE9-B2AD-4A08-A2BD-CDC573A52D65}"
EndProject
Global
	GlobalSection(SolutionConfigurationPlatforms) = preSolution
		Debug|Any CPU = Debug|Any CPU
		Release|Any CPU = Release|Any CPU
	EndGlobalSection
	GlobalSection(SolutionProperties) = preSolution
		HideSolutionNode = FALSE
	EndGlobalSection
	GlobalSection(ProjectConfigurationPlatforms) = postSolution
		{C3BBEBEC-9595-483C-B122-9E2229B8D900}.Debug|Any CPU.ActiveCfg = Debug|Any CPU
		{C3BBEBEC-9595-483C-B122-9E2229B8D900}.Debug|Any CPU.Build.0 = Debug|Any CPU
		{C3BBEBEC-9595-483C-B122-9E2229B8D900}.Release|Any CPU.ActiveCfg = Release|Any CPU
		{C3BBEBEC-9595-483C-B122-9E2229B8D900}.Release|Any CPU.Build.0 = Release|Any CPU
		{9EF02AE9-B2AD-4A08-A2BD-CDC573A52D65}.Debug|Any CPU.ActiveCfg = Debug|Any CPU
		{9EF02AE9-B2AD-4A08-A2BD-CDC573A52D65}.Debug|Any CPU.Build.0 = Debug|Any CPU
		{9EF02AE9-B2AD-4A08-A2BD-CDC573A52D65}.Release|Any CPU.ActiveCfg = Release|Any CPU
		{9EF02AE9-B2AD-4A08-A2BD-CDC573A52D65}.Release|Any CPU.Build.0 = Release|Any CPU
	EndGlobalSection
EndGlobal
